// !$*UTF8*$!
{
	archiveVersion = 1;
	classes = {
	};
	objectVersion = 77;
	objects = {

/* Begin PBXBuildFile section */
		0113FAD02F74134000FE951D /* CreditHistoryView.swift in Sources */ = {isa = PBXBuildFile; fileRef = 0113FACF2F74134000FE951D /* CreditHistoryView.swift */; };
		0113FAD12F74134000FE951D /* CreditHistoryView.swift in Sources */ = {isa = PBXBuildFile; fileRef = 0113FACF2F74134000FE951D /* CreditHistoryView.swift */; };
		0113FAD22F74134000FE951D /* CreditHistoryView.swift in Sources */ = {isa = PBXBuildFile; fileRef = 0113FACF2F74134000FE951D /* CreditHistoryView.swift */; };
		0113FAD42F74149000FE951D /* LeaderboardService.swift in Sources */ = {isa = PBXBuildFile; fileRef = 0113FAD32F74149000FE951D /* LeaderboardService.swift */; };
		0113FAD52F74149000FE951D /* LeaderboardService.swift in Sources */ = {isa = PBXBuildFile; fileRef = 0113FAD32F74149000FE951D /* LeaderboardService.swift */; };
		0113FAD62F74149000FE951D /* LeaderboardService.swift in Sources */ = {isa = PBXBuildFile; fileRef = 0113FAD32F74149000FE951D /* LeaderboardService.swift */; };
		0113FAD82F74156F00FE951D /* ActivitySyncService.swift in Sources */ = {isa = PBXBuildFile; fileRef = 0113FAD72F74156F00FE951D /* ActivitySyncService.swift */; };
		0113FAD92F74156F00FE951D /* ActivitySyncService.swift in Sources */ = {isa = PBXBuildFile; fileRef = 0113FAD72F74156F00FE951D /* ActivitySyncService.swift */; };
		0113FADA2F74156F00FE951D /* ActivitySyncService.swift in Sources */ = {isa = PBXBuildFile; fileRef = 0113FAD72F74156F00FE951D /* ActivitySyncService.swift */; };
		0113FADC2F74185900FE951D /* AvatarService.swift in Sources */ = {isa = PBXBuildFile; fileRef = 0113FADB2F74185900FE951D /* AvatarService.swift */; };
		0113FADD2F74185900FE951D /* AvatarService.swift in Sources */ = {isa = PBXBuildFile; fileRef = 0113FADB2F74185900FE951D /* AvatarService.swift */; };
		0113FADE2F74185900FE951D /* AvatarService.swift in Sources */ = {isa = PBXBuildFile; fileRef = 0113FADB2F74185900FE951D /* AvatarService.swift */; };
		0113FAE02F7418AF00FE951D /* AvatarPickerView.swift in Sources */ = {isa = PBXBuildFile; fileRef = 0113FADF2F7418AF00FE951D /* AvatarPickerView.swift */; };
		0113FAE12F7418AF00FE951D /* AvatarPickerView.swift in Sources */ = {isa = PBXBuildFile; fileRef = 0113FADF2F7418AF00FE951D /* AvatarPickerView.swift */; };
		0113FAE22F7418AF00FE951D /* AvatarPickerView.swift in Sources */ = {isa = PBXBuildFile; fileRef = 0113FADF2F7418AF00FE951D /* AvatarPickerView.swift */; };
		013B98272F70787200F50F41 /* AnimeWorkouts.swift in Sources */ = {isa = PBXBuildFile; fileRef = 013B98262F70787200F50F41 /* AnimeWorkouts.swift */; };
		013B98282F70787200F50F41 /* AnimeWorkouts.swift in Sources */ = {isa = PBXBuildFile; fileRef = 013B98262F70787200F50F41 /* AnimeWorkouts.swift */; };
		013B98292F70787200F50F41 /* AnimeWorkouts.swift in Sources */ = {isa = PBXBuildFile; fileRef = 013B98262F70787200F50F41 /* AnimeWorkouts.swift */; };
		013B982F2F70C6F700F50F41 /* AchievementManager.swift in Sources */ = {isa = PBXBuildFile; fileRef = 013B982E2F70C6F700F50F41 /* AchievementManager.swift */; };
		013B98302F70C6F700F50F41 /* AchievementManager.swift in Sources */ = {isa = PBXBuildFile; fileRef = 013B982E2F70C6F700F50F41 /* AchievementManager.swift */; };
		013B98312F70C6F700F50F41 /* AchievementManager.swift in Sources */ = {isa = PBXBuildFile; fileRef = 013B982E2F70C6F700F50F41 /* AchievementManager.swift */; };
		017301CF2F71D6F500696295 /* ImpossibleDayDetector.swift in Sources */ = {isa = PBXBuildFile; fileRef = 017301CE2F71D6F500696295 /* ImpossibleDayDetector.swift */; };
		017301D02F71D6F500696295 /* ImpossibleDayDetector.swift in Sources */ = {isa = PBXBuildFile; fileRef = 017301CE2F71D6F500696295 /* ImpossibleDayDetector.swift */; };
		017301D12F71D6F500696295 /* ImpossibleDayDetector.swift in Sources */ = {isa = PBXBuildFile; fileRef = 017301CE2F71D6F500696295 /* ImpossibleDayDetector.swift */; };
		0176B6D62EAC6D5400ADF2A8 /* WorkoutKit.framework in Frameworks */ = {isa = PBXBuildFile; fileRef = 0176B6D42EAC6D5000ADF2A8 /* WorkoutKit.framework */; };
		0176B6D72EAC6D5400ADF2A8 /* WorkoutKit.framework in Embed Frameworks */ = {isa = PBXBuildFile; fileRef = 0176B6D42EAC6D5000ADF2A8 /* WorkoutKit.framework */; settings = {ATTRIBUTES = (CodeSignOnCopy, RemoveHeadersOnCopy, ); }; };
		01CB9C7B2F5BA11E000CF421 /* InventoryAndShopView.swift in Sources */ = {isa = PBXBuildFile; fileRef = 01CB9C7A2F5BA11E000CF421 /* InventoryAndShopView.swift */; };
		01CB9C7C2F5BA11E000CF421 /* InventoryAndShopView.swift in Sources */ = {isa = PBXBuildFile; fileRef = 01CB9C7A2F5BA11E000CF421 /* InventoryAndShopView.swift */; };
		01CB9C7D2F5BA11E000CF421 /* InventoryAndShopView.swift in Sources */ = {isa = PBXBuildFile; fileRef = 01CB9C7A2F5BA11E000CF421 /* InventoryAndShopView.swift */; };
		01CB9C7F2F5BA384000CF421 /* PatrolMapView.swift in Sources */ = {isa = PBXBuildFile; fileRef = 01CB9C7E2F5BA384000CF421 /* PatrolMapView.swift */; };
		01CB9C802F5BA384000CF421 /* PatrolMapView.swift in Sources */ = {isa = PBXBuildFile; fileRef = 01CB9C7E2F5BA384000CF421 /* PatrolMapView.swift */; };
		01CB9C812F5BA384000CF421 /* PatrolMapView.swift in Sources */ = {isa = PBXBuildFile; fileRef = 01CB9C7E2F5BA384000CF421 /* PatrolMapView.swift */; };
		01CB9C832F5BA3D2000CF421 /* ActiveWorkoutView.swift in Sources */ = {isa = PBXBuildFile; fileRef = 01CB9C822F5BA3D2000CF421 /* ActiveWorkoutView.swift */; };
		01CB9C842F5BA3D2000CF421 /* ActiveWorkoutView.swift in Sources */ = {isa = PBXBuildFile; fileRef = 01CB9C822F5BA3D2000CF421 /* ActiveWorkoutView.swift */; };
		01CB9C852F5BA3D2000CF421 /* ActiveWorkoutView.swift in Sources */ = {isa = PBXBuildFile; fileRef = 01CB9C822F5BA3D2000CF421 /* ActiveWorkoutView.swift */; };
		01CB9C8B2F5BA7C3000CF421 /* ItemScannerView.swift in Sources */ = {isa = PBXBuildFile; fileRef = 01CB9C8A2F5BA7C3000CF421 /* ItemScannerView.swift */; };
		01CB9C8C2F5BA7C3000CF421 /* ItemScannerView.swift in Sources */ = {isa = PBXBuildFile; fileRef = 01CB9C8A2F5BA7C3000CF421 /* ItemScannerView.swift */; };
		01CB9C8D2F5BA7C3000CF421 /* ItemScannerView.swift in Sources */ = {isa = PBXBuildFile; fileRef = 01CB9C8A2F5BA7C3000CF421 /* ItemScannerView.swift */; };
		BAEBED3B2F89BB6E007CB211 /* RPTWatch.app in Embed Watch Content */ = {isa = PBXBuildFile; fileRef = BAEBEA112F8976EF007CB211 /* RPTWatch.app */; settings = {ATTRIBUTES = (RemoveHeadersOnCopy, ); }; };
/* End PBXBuildFile section */

/* Begin PBXContainerItemProxy section */
		011D8F9E2EA40A0200609E51 /* PBXContainerItemProxy */ = {
			isa = PBXContainerItemProxy;
			containerPortal = 011D8F862EA40A0100609E51 /* Project object */;
			proxyType = 1;
			remoteGlobalIDString = 011D8F8D2EA40A0100609E51;
			remoteInfo = RPT;
		};
		011D8FA82EA40A0200609E51 /* PBXContainerItemProxy */ = {
			isa = PBXContainerItemProxy;
			containerPortal = 011D8F862EA40A0100609E51 /* Project object */;
			proxyType = 1;
			remoteGlobalIDString = 011D8F8D2EA40A0100609E51;
			remoteInfo = RPT;
		};
		BAEBED3C2F89BB6E007CB211 /* PBXContainerItemProxy */ = {
			isa = PBXContainerItemProxy;
			containerPortal = 011D8F862EA40A0100609E51 /* Project object */;
			proxyType = 1;
			remoteGlobalIDString = BAEBEA102F8976EF007CB211;
			remoteInfo = RPTWatch;
		};
/* End PBXContainerItemProxy section */

/* Begin PBXCopyFilesBuildPhase section */
		0176B6D82EAC6D5400ADF2A8 /* Embed Frameworks */ = {
			isa = PBXCopyFilesBuildPhase;
			buildActionMask = 2147483647;
			dstPath = "";
			dstSubfolderSpec = 10;
			files = (
				0176B6D72EAC6D5400ADF2A8 /* WorkoutKit.framework in Embed Frameworks */,
			);
			name = "Embed Frameworks";
			runOnlyForDeploymentPostprocessing = 0;
		};
		BAEBED3E2F89BB6E007CB211 /* Embed Watch Content */ = {
			isa = PBXCopyFilesBuildPhase;
			buildActionMask = 2147483647;
			dstPath = "$(CONTENTS_FOLDER_PATH)/Watch";
			dstSubfolderSpec = 16;
			files = (
				BAEBED3B2F89BB6E007CB211 /* RPTWatch.app in Embed Watch Content */,
			);
			name = "Embed Watch Content";
			runOnlyForDeploymentPostprocessing = 0;
		};
/* End PBXCopyFilesBuildPhase section */

/* Begin PBXFileReference section */
		0113FACF2F74134000FE951D /* CreditHistoryView.swift */ = {isa = PBXFileReference; lastKnownFileType = sourcecode.swift; path = CreditHistoryView.swift; sourceTree = "<group>"; };
		0113FAD32F74149000FE951D /* LeaderboardService.swift */ = {isa = PBXFileReference; lastKnownFileType = sourcecode.swift; path = LeaderboardService.swift; sourceTree = "<group>"; };
		0113FAD72F74156F00FE951D /* ActivitySyncService.swift */ = {isa = PBXFileReference; lastKnownFileType = sourcecode.swift; path = ActivitySyncService.swift; sourceTree = "<group>"; };
		0113FADB2F74185900FE951D /* AvatarService.swift */ = {isa = PBXFileReference; lastKnownFileType = sourcecode.swift; path = AvatarService.swift; sourceTree = "<group>"; };
		0113FADF2F7418AF00FE951D /* AvatarPickerView.swift */ = {isa = PBXFileReference; lastKnownFileType = sourcecode.swift; path = AvatarPickerView.swift; sourceTree = "<group>"; };
		011D8F8E2EA40A0100609E51 /* RPT.app */ = {isa = PBXFileReference; explicitFileType = wrapper.application; includeInIndex = 0; path = RPT.app; sourceTree = BUILT_PRODUCTS_DIR; };
		011D8F9D2EA40A0200609E51 /* RPTTests.xctest */ = {isa = PBXFileReference; explicitFileType = wrapper.cfbundle; includeInIndex = 0; path = RPTTests.xctest; sourceTree = BUILT_PRODUCTS_DIR; };
		011D8FA72EA40A0200609E51 /* RPTUITests.xctest */ = {isa = PBXFileReference; explicitFileType = wrapper.cfbundle; includeInIndex = 0; path = RPTUITests.xctest; sourceTree = BUILT_PRODUCTS_DIR; };
		013B98262F70787200F50F41 /* AnimeWorkouts.swift */ = {isa = PBXFileReference; lastKnownFileType = sourcecode.swift; path = AnimeWorkouts.swift; sourceTree = "<group>"; };
		013B982E2F70C6F700F50F41 /* AchievementManager.swift */ = {isa = PBXFileReference; lastKnownFileType = sourcecode.swift; path = AchievementManager.swift; sourceTree = "<group>"; };
		017301CE2F71D6F500696295 /* ImpossibleDayDetector.swift */ = {isa = PBXFileReference; lastKnownFileType = sourcecode.swift; path = ImpossibleDayDetector.swift; sourceTree = "<group>"; };
		0176B6D42EAC6D5000ADF2A8 /* WorkoutKit.framework */ = {isa = PBXFileReference; lastKnownFileType = wrapper.framework; name = WorkoutKit.framework; path = System/Library/Frameworks/WorkoutKit.framework; sourceTree = SDKROOT; };
		0176B6DD2EAC6D8600ADF2A8 /* HealthKitUI.framework */ = {isa = PBXFileReference; lastKnownFileType = wrapper.framework; name = HealthKitUI.framework; path = System/Library/Frameworks/HealthKitUI.framework; sourceTree = SDKROOT; };
		0176B6DE2EAC6D8600ADF2A8 /* HealthKit.framework */ = {isa = PBXFileReference; lastKnownFileType = wrapper.framework; name = HealthKit.framework; path = System/Library/Frameworks/HealthKit.framework; sourceTree = SDKROOT; };
		0176B6E52EAC6DCC00ADF2A8 /* PhotosUI.framework */ = {isa = PBXFileReference; lastKnownFileType = wrapper.framework; name = PhotosUI.framework; path = System/Library/Frameworks/PhotosUI.framework; sourceTree = SDKROOT; };
		0176B6E62EAC6DCC00ADF2A8 /* Photos.framework */ = {isa = PBXFileReference; lastKnownFileType = wrapper.framework; name = Photos.framework; path = System/Library/Frameworks/Photos.framework; sourceTree = SDKROOT; };
		01A16F852F7335CD003503E8 /* Secrets.xcconfig */ = {isa = PBXFileReference; lastKnownFileType = text.xcconfig; path = Secrets.xcconfig; sourceTree = "<group>"; };
		01CB9C7A2F5BA11E000CF421 /* InventoryAndShopView.swift */ = {isa = PBXFileReference; lastKnownFileType = sourcecode.swift; path = InventoryAndShopView.swift; sourceTree = "<group>"; };
		01CB9C7E2F5BA384000CF421 /* PatrolMapView.swift */ = {isa = PBXFileReference; lastKnownFileType = sourcecode.swift; path = PatrolMapView.swift; sourceTree = "<group>"; };
		01CB9C822F5BA3D2000CF421 /* ActiveWorkoutView.swift */ = {isa = PBXFileReference; lastKnownFileType = sourcecode.swift; path = ActiveWorkoutView.swift; sourceTree = "<group>"; };
		01CB9C8A2F5BA7C3000CF421 /* ItemScannerView.swift */ = {isa = PBXFileReference; lastKnownFileType = sourcecode.swift; path = ItemScannerView.swift; sourceTree = "<group>"; };
		BAEBEA112F8976EF007CB211 /* RPTWatch.app */ = {isa = PBXFileReference; explicitFileType = wrapper.application; includeInIndex = 0; path = RPTWatch.app; sourceTree = BUILT_PRODUCTS_DIR; };
/* End PBXFileReference section */

/* Begin PBXFileSystemSynchronizedBuildFileExceptionSet section */
		013B983A2F70D20000F50F41 /* Exceptions for "RPT" folder in "RPTTests" target */ = {
			isa = PBXFileSystemSynchronizedBuildFileExceptionSet;
			membershipExceptions = (
				ProgressChartsView.swift,
				SystemDataSeeder.swift,
			);
			target = 011D8F9C2EA40A0200609E51 /* RPTTests */;
		};
		013B983B2F70D20000F50F41 /* Exceptions for "RPT" folder in "RPTUITests" target */ = {
			isa = PBXFileSystemSynchronizedBuildFileExceptionSet;
			membershipExceptions = (
				ProgressChartsView.swift,
				SystemDataSeeder.swift,
			);
			target = 011D8FA62EA40A0200609E51 /* RPTUITests */;
		};
		0176B5EE2EABF59C00ADF2A8 /* Exceptions for "RPT" folder in "RPT" target */ = {
			isa = PBXFileSystemSynchronizedBuildFileExceptionSet;
			membershipExceptions = (
				Info.plist,
			);
			target = 011D8F8D2EA40A0100609E51 /* RPT */;
		};
		BAEBEA072F8976EE007CB211 /* Exceptions for "RPTWatch" folder in "RPTWatch" target */ = {
			isa = PBXFileSystemSynchronizedBuildFileExceptionSet;
			membershipExceptions = (
				Info.plist,
			);
			target = BAEBEA102F8976EF007CB211 /* RPTWatch */;
		};
/* End PBXFileSystemSynchronizedBuildFileExceptionSet section */

/* Begin PBXFileSystemSynchronizedRootGroup section */
		011D8F902EA40A0100609E51 /* RPT */ = {
			isa = PBXFileSystemSynchronizedRootGroup;
			exceptions = (
				0176B5EE2EABF59C00ADF2A8 /* Exceptions for "RPT" folder in "RPT" target */,
				013B983A2F70D20000F50F41 /* Exceptions for "RPT" folder in "RPTTests" target */,
				013B983B2F70D20000F50F41 /* Exceptions for "RPT" folder in "RPTUITests" target */,
			);
			path = RPT;
			sourceTree = "<group>";
		};
		BAEBEA062F8976EE007CB211 /* RPTWatch */ = {
			isa = PBXFileSystemSynchronizedRootGroup;
			exceptions = (
				BAEBEA072F8976EE007CB211 /* Exceptions for "RPTWatch" folder in "RPTWatch" target */,
			);
			path = RPTWatch;
			sourceTree = "<group>";
		};
/* End PBXFileSystemSynchronizedRootGroup section */

/* Begin PBXFrameworksBuildPhase section */
		011D8F8B2EA40A0100609E51 /* Frameworks */ = {
			isa = PBXFrameworksBuildPhase;
			buildActionMask = 2147483647;
			files = (
			);
			runOnlyForDeploymentPostprocessing = 0;
		};
		011D8F9A2EA40A0200609E51 /* Frameworks */ = {
			isa = PBXFrameworksBuildPhase;
			buildActionMask = 2147483647;
			files = (
				0176B6D62EAC6D5400ADF2A8 /* WorkoutKit.framework in Frameworks */,
			);
			runOnlyForDeploymentPostprocessing = 0;
		};
		011D8FA42EA40A0200609E51 /* Frameworks */ = {
			isa = PBXFrameworksBuildPhase;
			buildActionMask = 2147483647;
			files = (
			);
			runOnlyForDeploymentPostprocessing = 0;
		};
		BAEBEA0E2F8976EF007CB211 /* Frameworks */ = {
			isa = PBXFrameworksBuildPhase;
			buildActionMask = 2147483647;
			files = (
			);
			runOnlyForDeploymentPostprocessing = 0;
		};
/* End PBXFrameworksBuildPhase section */

/* Begin PBXGroup section */
		011D8F852EA40A0100609E51 = {
			isa = PBXGroup;
			children = (
				011D8F902EA40A0100609E51 /* RPT */,
				BAEBEA062F8976EE007CB211 /* RPTWatch */,
				0176B6D12EAC6D2900ADF2A8 /* Frameworks */,
				011D8F8F2EA40A0100609E51 /* Products */,
				01CB9C7A2F5BA11E000CF421 /* InventoryAndShopView.swift */,
				01CB9C7E2F5BA384000CF421 /* PatrolMapView.swift */,
				01CB9C822F5BA3D2000CF421 /* ActiveWorkoutView.swift */,
				01CB9C8A2F5BA7C3000CF421 /* ItemScannerView.swift */,
				013B98262F70787200F50F41 /* AnimeWorkouts.swift */,
				013B982E2F70C6F700F50F41 /* AchievementManager.swift */,
				017301CE2F71D6F500696295 /* ImpossibleDayDetector.swift */,
				01A16F852F7335CD003503E8 /* Secrets.xcconfig */,
				0113FACF2F74134000FE951D /* CreditHistoryView.swift */,
				0113FAD32F74149000FE951D /* LeaderboardService.swift */,
				0113FAD72F74156F00FE951D /* ActivitySyncService.swift */,
				0113FADB2F74185900FE951D /* AvatarService.swift */,
				0113FADF2F7418AF00FE951D /* AvatarPickerView.swift */,
			);
			sourceTree = "<group>";
		};
		011D8F8F2EA40A0100609E51 /* Products */ = {
			isa = PBXGroup;
			children = (
				011D8F8E2EA40A0100609E51 /* RPT.app */,
				011D8F9D2EA40A0200609E51 /* RPTTests.xctest */,
				011D8FA72EA40A0200609E51 /* RPTUITests.xctest */,
				BAEBEA112F8976EF007CB211 /* RPTWatch.app */,
			);
			name = Products;
			sourceTree = "<group>";
		};
		0176B6D12EAC6D2900ADF2A8 /* Frameworks */ = {
			isa = PBXGroup;
			children = (
				0176B6E62EAC6DCC00ADF2A8 /* Photos.framework */,
				0176B6E52EAC6DCC00ADF2A8 /* PhotosUI.framework */,
				0176B6DE2EAC6D8600ADF2A8 /* HealthKit.framework */,
				0176B6DD2EAC6D8600ADF2A8 /* HealthKitUI.framework */,
				0176B6D42EAC6D5000ADF2A8 /* WorkoutKit.framework */,
			);
			name = Frameworks;
			sourceTree = "<group>";
		};
/* End PBXGroup section */

/* Begin PBXNativeTarget section */
		011D8F8D2EA40A0100609E51 /* RPT */ = {
			isa = PBXNativeTarget;
			buildConfigurationList = 011D8FB12EA40A0200609E51 /* Build configuration list for PBXNativeTarget "RPT" */;
			buildPhases = (
				011D8F8A2EA40A0100609E51 /* Sources */,
				011D8F8B2EA40A0100609E51 /* Frameworks */,
				011D8F8C2EA40A0100609E51 /* Resources */,
				BAEBED3E2F89BB6E007CB211 /* Embed Watch Content */,
			);
			buildRules = (
			);
			dependencies = (
				BAEBED3D2F89BB6E007CB211 /* PBXTargetDependency */,
			);
			fileSystemSynchronizedGroups = (
				011D8F902EA40A0100609E51 /* RPT */,
			);
			name = RPT;
			packageProductDependencies = (
			);
			productName = RPT;
			productReference = 011D8F8E2EA40A0100609E51 /* RPT.app */;
			productType = "com.apple.product-type.application";
		};
		011D8F9C2EA40A0200609E51 /* RPTTests */ = {
			isa = PBXNativeTarget;
			buildConfigurationList = 011D8FB42EA40A0200609E51 /* Build configuration list for PBXNativeTarget "RPTTests" */;
			buildPhases = (
				011D8F992EA40A0200609E51 /* Sources */,
				011D8F9A2EA40A0200609E51 /* Frameworks */,
				011D8F9B2EA40A0200609E51 /* Resources */,
				0176B6D82EAC6D5400ADF2A8 /* Embed Frameworks */,
			);
			buildRules = (
			);
			dependencies = (
				011D8F9F2EA40A0200609E51 /* PBXTargetDependency */,
			);
			name = RPTTests;
			packageProductDependencies = (
			);
			productName = RPTTests;
			productReference = 011D8F9D2EA40A0200609E51 /* RPTTests.xctest */;
			productType = "com.apple.product-type.bundle.unit-test";
		};
		011D8FA62EA40A0200609E51 /* RPTUITests */ = {
			isa = PBXNativeTarget;
			buildConfigurationList = 011D8FB72EA40A0200609E51 /* Build configuration list for PBXNativeTarget "RPTUITests" */;
			buildPhases = (
				011D8FA32EA40A0200609E51 /* Sources */,
				011D8FA42EA40A0200609E51 /* Frameworks */,
				011D8FA52EA40A0200609E51 /* Resources */,
			);
			buildRules = (
			);
			dependencies = (
				011D8FA92EA40A0200609E51 /* PBXTargetDependency */,
			);
			name = RPTUITests;
			packageProductDependencies = (
			);
			productName = RPTUITests;
			productReference = 011D8FA72EA40A0200609E51 /* RPTUITests.xctest */;
			productType = "com.apple.product-type.bundle.ui-testing";
		};
		BAEBEA102F8976EF007CB211 /* RPTWatch */ = {
			isa = PBXNativeTarget;
			buildConfigurationList = BAEBEA212F8976EF007CB211 /* Build configuration list for PBXNativeTarget "RPTWatch" */;
			buildPhases = (
				BAEBEA0D2F8976EF007CB211 /* Sources */,
				BAEBEA0E2F8976EF007CB211 /* Frameworks */,
				BAEBEA0F2F8976EF007CB211 /* Resources */,
			);
			buildRules = (
			);
			dependencies = (
			);
			fileSystemSynchronizedGroups = (
				BAEBEA062F8976EE007CB211 /* RPTWatch */,
			);
			name = RPTWatch;
			packageProductDependencies = (
			);
			productName = "RPTWatch Watch App";
			productReference = BAEBEA112F8976EF007CB211 /* RPTWatch.app */;
			productType = "com.apple.product-type.application";
		};
/* End PBXNativeTarget section */

/* Begin PBXProject section */
		011D8F862EA40A0100609E51 /* Project object */ = {
			isa = PBXProject;
			attributes = {
				BuildIndependentTargetsInParallel = 1;
				LastSwiftUpdateCheck = 2640;
				LastUpgradeCheck = 2630;
				TargetAttributes = {
					011D8F8D2EA40A0100609E51 = {
						CreatedOnToolsVersion = 26.0.1;
					};
					011D8F9C2EA40A0200609E51 = {
						CreatedOnToolsVersion = 26.0.1;
						TestTargetID = 011D8F8D2EA40A0100609E51;
					};
					011D8FA62EA40A0200609E51 = {
						CreatedOnToolsVersion = 26.0.1;
						TestTargetID = 011D8F8D2EA40A0100609E51;
					};
					BAEBEA102F8976EF007CB211 = {
						CreatedOnToolsVersion = 26.4;
					};
				};
			};
			buildConfigurationList = 011D8F892EA40A0100609E51 /* Build configuration list for PBXProject "RPT" */;
			developmentRegion = en;
			hasScannedForEncodings = 0;
			knownRegions = (
				en,
				Base,
			);
			mainGroup = 011D8F852EA40A0100609E51;
			minimizedProjectReferenceProxies = 1;
			preferredProjectObjectVersion = 77;
			productRefGroup = 011D8F8F2EA40A0100609E51 /* Products */;
			projectDirPath = "";
			projectRoot = "";
			targets = (
				011D8F8D2EA40A0100609E51 /* RPT */,
				011D8F9C2EA40A0200609E51 /* RPTTests */,
				011D8FA62EA40A0200609E51 /* RPTUITests */,
				BAEBEA102F8976EF007CB211 /* RPTWatch */,
			);
		};
/* End PBXProject section */

/* Begin PBXResourcesBuildPhase section */
		011D8F8C2EA40A0100609E51 /* Resources */ = {
			isa = PBXResourcesBuildPhase;
			buildActionMask = 2147483647;
			files = (
			);
			runOnlyForDeploymentPostprocessing = 0;
		};
		011D8F9B2EA40A0200609E51 /* Resources */ = {
			isa = PBXResourcesBuildPhase;
			buildActionMask = 2147483647;
			files = (
			);
			runOnlyForDeploymentPostprocessing = 0;
		};
		011D8FA52EA40A0200609E51 /* Resources */ = {
			isa = PBXResourcesBuildPhase;
			buildActionMask = 2147483647;
			files = (
			);
			runOnlyForDeploymentPostprocessing = 0;
		};
		BAEBEA0F2F8976EF007CB211 /* Resources */ = {
			isa = PBXResourcesBuildPhase;
			buildActionMask = 2147483647;
			files = (
			);
			runOnlyForDeploymentPostprocessing = 0;
		};
/* End PBXResourcesBuildPhase section */

/* Begin PBXSourcesBuildPhase section */
		011D8F8A2EA40A0100609E51 /* Sources */ = {
			isa = PBXSourcesBuildPhase;
			buildActionMask = 2147483647;
			files = (
				01CB9C8C2F5BA7C3000CF421 /* ItemScannerView.swift in Sources */,
				017301D02F71D6F500696295 /* ImpossibleDayDetector.swift in Sources */,
				013B98282F70787200F50F41 /* AnimeWorkouts.swift in Sources */,
				013B982F2F70C6F700F50F41 /* AchievementManager.swift in Sources */,
				0113FAD22F74134000FE951D /* CreditHistoryView.swift in Sources */,
				0113FAE12F7418AF00FE951D /* AvatarPickerView.swift in Sources */,
				0113FAD42F74149000FE951D /* LeaderboardService.swift in Sources */,
				0113FAD82F74156F00FE951D /* ActivitySyncService.swift in Sources */,
				0113FADC2F74185900FE951D /* AvatarService.swift in Sources */,
				01CB9C852F5BA3D2000CF421 /* ActiveWorkoutView.swift in Sources */,
				01CB9C7C2F5BA11E000CF421 /* InventoryAndShopView.swift in Sources */,
				01CB9C802F5BA384000CF421 /* PatrolMapView.swift in Sources */,
			);
			runOnlyForDeploymentPostprocessing = 0;
		};
		011D8F992EA40A0200609E51 /* Sources */ = {
			isa = PBXSourcesBuildPhase;
			buildActionMask = 2147483647;
			files = (
				013B98292F70787200F50F41 /* AnimeWorkouts.swift in Sources */,
				01CB9C8B2F5BA7C3000CF421 /* ItemScannerView.swift in Sources */,
				0113FAD92F74156F00FE951D /* ActivitySyncService.swift in Sources */,
				01CB9C832F5BA3D2000CF421 /* ActiveWorkoutView.swift in Sources */,
				0113FAD12F74134000FE951D /* CreditHistoryView.swift in Sources */,
				0113FAE02F7418AF00FE951D /* AvatarPickerView.swift in Sources */,
				0113FAD52F74149000FE951D /* LeaderboardService.swift in Sources */,
				017301CF2F71D6F500696295 /* ImpossibleDayDetector.swift in Sources */,
				01CB9C7F2F5BA384000CF421 /* PatrolMapView.swift in Sources */,
				0113FADE2F74185900FE951D /* AvatarService.swift in Sources */,
				01CB9C7D2F5BA11E000CF421 /* InventoryAndShopView.swift in Sources */,
				013B98302F70C6F700F50F41 /* AchievementManager.swift in Sources */,
			);
			runOnlyForDeploymentPostprocessing = 0;
		};
		011D8FA32EA40A0200609E51 /* Sources */ = {
			isa = PBXSourcesBuildPhase;
			buildActionMask = 2147483647;
			files = (
				013B98272F70787200F50F41 /* AnimeWorkouts.swift in Sources */,
				01CB9C8D2F5BA7C3000CF421 /* ItemScannerView.swift in Sources */,
				0113FADA2F74156F00FE951D /* ActivitySyncService.swift in Sources */,
				01CB9C842F5BA3D2000CF421 /* ActiveWorkoutView.swift in Sources */,
				0113FAD02F74134000FE951D /* CreditHistoryView.swift in Sources */,
				0113FAE22F7418AF00FE951D /* AvatarPickerView.swift in Sources */,
				0113FAD62F74149000FE951D /* LeaderboardService.swift in Sources */,
				017301D12F71D6F500696295 /* ImpossibleDayDetector.swift in Sources */,
				01CB9C812F5BA384000CF421 /* PatrolMapView.swift in Sources */,
				0113FADD2F74185900FE951D /* AvatarService.swift in Sources */,
				01CB9C7B2F5BA11E000CF421 /* InventoryAndShopView.swift in Sources */,
				013B98312F70C6F700F50F41 /* AchievementManager.swift in Sources */,
			);
			runOnlyForDeploymentPostprocessing = 0;
		};
		BAEBEA0D2F8976EF007CB211 /* Sources */ = {
			isa = PBXSourcesBuildPhase;
			buildActionMask = 2147483647;
			files = (
			);
			runOnlyForDeploymentPostprocessing = 0;
		};
/* End PBXSourcesBuildPhase section */

/* Begin PBXTargetDependency section */
		011D8F9F2EA40A0200609E51 /* PBXTargetDependency */ = {
			isa = PBXTargetDependency;
			target = 011D8F8D2EA40A0100609E51 /* RPT */;
			targetProxy = 011D8F9E2EA40A0200609E51 /* PBXContainerItemProxy */;
		};
		011D8FA92EA40A0200609E51 /* PBXTargetDependency */ = {
			isa = PBXTargetDependency;
			target = 011D8F8D2EA40A0100609E51 /* RPT */;
			targetProxy = 011D8FA82EA40A0200609E51 /* PBXContainerItemProxy */;
		};
		BAEBED3D2F89BB6E007CB211 /* PBXTargetDependency */ = {
			isa = PBXTargetDependency;
			target = BAEBEA102F8976EF007CB211 /* RPTWatch */;
			targetProxy = BAEBED3C2F89BB6E007CB211 /* PBXContainerItemProxy */;
		};
/* End PBXTargetDependency section */

/* Begin XCBuildConfiguration section */
		011D8FAF2EA40A0200609E51 /* Debug */ = {
			isa = XCBuildConfiguration;
			baseConfigurationReference = 01A16F852F7335CD003503E8 /* Secrets.xcconfig */;
			buildSettings = {
				ALWAYS_SEARCH_USER_PATHS = NO;
				ASSETCATALOG_COMPILER_GENERATE_SWIFT_ASSET_SYMBOL_EXTENSIONS = YES;
				CLANG_ANALYZER_NONNULL = YES;
				CLANG_ANALYZER_NUMBER_OBJECT_CONVERSION = YES_AGGRESSIVE;
				CLANG_CXX_LANGUAGE_STANDARD = "gnu++20";
				CLANG_ENABLE_MODULES = YES;
				CLANG_ENABLE_OBJC_ARC = YES;
				CLANG_ENABLE_OBJC_WEAK = YES;
				CLANG_WARN_BLOCK_CAPTURE_AUTORELEASING = YES;
				CLANG_WARN_BOOL_CONVERSION = YES;
				CLANG_WARN_COMMA = YES;
				CLANG_WARN_CONSTANT_CONVERSION = YES;
				CLANG_WARN_DEPRECATED_OBJC_IMPLEMENTATIONS = YES;
				CLANG_WARN_DIRECT_OBJC_ISA_USAGE = YES_ERROR;
				CLANG_WARN_DOCUMENTATION_COMMENTS = YES;
				CLANG_WARN_EMPTY_BODY = YES;
				CLANG_WARN_ENUM_CONVERSION = YES;
				CLANG_WARN_INFINITE_RECURSION = YES;
				CLANG_WARN_INT_CONVERSION = YES;
				CLANG_WARN_NON_LITERAL_NULL_CONVERSION = YES;
				CLANG_WARN_OBJC_IMPLICIT_RETAIN_SELF = YES;
				CLANG_WARN_OBJC_LITERAL_CONVERSION = YES;
				CLANG_WARN_OBJC_ROOT_CLASS = YES_ERROR;
				CLANG_WARN_QUOTED_INCLUDE_IN_FRAMEWORK_HEADER = YES;
				CLANG_WARN_RANGE_LOOP_ANALYSIS = YES;
				CLANG_WARN_STRICT_PROTOTYPES = YES;
				CLANG_WARN_SUSPICIOUS_MOVE = YES;
				CLANG_WARN_UNGUARDED_AVAILABILITY = YES_AGGRESSIVE;
				CLANG_WARN_UNREACHABLE_CODE = YES;
				CLANG_WARN__DUPLICATE_METHOD_MATCH = YES;
				COPY_PHASE_STRIP = NO;
				DEBUG_INFORMATION_FORMAT = dwarf;
				DEVELOPMENT_TEAM = WRVY4Q5HA5;
				ENABLE_STRICT_OBJC_MSGSEND = YES;
				ENABLE_TESTABILITY = YES;
				ENABLE_USER_SCRIPT_SANDBOXING = YES;
				GCC_C_LANGUAGE_STANDARD = gnu17;
				GCC_DYNAMIC_NO_PIC = NO;
				GCC_NO_COMMON_BLOCKS = YES;
				GCC_OPTIMIZATION_LEVEL = 0;
				GCC_PREPROCESSOR_DEFINITIONS = (
					"DEBUG=1",
					"$(inherited)",
				);
				GCC_WARN_64_TO_32_BIT_CONVERSION = YES;
				GCC_WARN_ABOUT_RETURN_TYPE = YES_ERROR;
				GCC_WARN_UNDECLARED_SELECTOR = YES;
				GCC_WARN_UNINITIALIZED_AUTOS = YES_AGGRESSIVE;
				GCC_WARN_UNUSED_FUNCTION = YES;
				GCC_WARN_UNUSED_VARIABLE = YES;
				GENERATE_INFOPLIST_FILE = NO;
				IPHONEOS_DEPLOYMENT_TARGET = 18.0;
				LOCALIZATION_PREFERS_STRING_CATALOGS = YES;
				MTL_ENABLE_DEBUG_INFO = INCLUDE_SOURCE;
				MTL_FAST_MATH = YES;
				ONLY_ACTIVE_ARCH = YES;
				SDKROOT = iphoneos;
				STRING_CATALOG_GENERATE_SYMBOLS = YES;
				SWIFT_ACTIVE_COMPILATION_CONDITIONS = "DEBUG $(inherited)";
				SWIFT_OPTIMIZATION_LEVEL = "-Onone";
			};
			name = Debug;
		};
		011D8FB02EA40A0200609E51 /* Release */ = {
			isa = XCBuildConfiguration;
			baseConfigurationReference = 01A16F852F7335CD003503E8 /* Secrets.xcconfig */;
			buildSettings = {
				ALWAYS_SEARCH_USER_PATHS = NO;
				ASSETCATALOG_COMPILER_GENERATE_SWIFT_ASSET_SYMBOL_EXTENSIONS = YES;
				CLANG_ANALYZER_NONNULL = YES;
				CLANG_ANALYZER_NUMBER_OBJECT_CONVERSION = YES_AGGRESSIVE;
				CLANG_CXX_LANGUAGE_STANDARD = "gnu++20";
				CLANG_ENABLE_MODULES = YES;
				CLANG_ENABLE_OBJC_ARC = YES;
				CLANG_ENABLE_OBJC_WEAK = YES;
				CLANG_WARN_BLOCK_CAPTURE_AUTORELEASING = YES;
				CLANG_WARN_BOOL_CONVERSION = YES;
				CLANG_WARN_COMMA = YES;
				CLANG_WARN_CONSTANT_CONVERSION = YES;
				CLANG_WARN_DEPRECATED_OBJC_IMPLEMENTATIONS = YES;
				CLANG_WARN_DIRECT_OBJC_ISA_USAGE = YES_ERROR;
				CLANG_WARN_DOCUMENTATION_COMMENTS = YES;
				CLANG_WARN_EMPTY_BODY = YES;
				CLANG_WARN_ENUM_CONVERSION = YES;
				CLANG_WARN_INFINITE_RECURSION = YES;
				CLANG_WARN_INT_CONVERSION = YES;
				CLANG_WARN_NON_LITERAL_NULL_CONVERSION = YES;
				CLANG_WARN_OBJC_IMPLICIT_RETAIN_SELF = YES;
				CLANG_WARN_OBJC_LITERAL_CONVERSION = YES;
				CLANG_WARN_OBJC_ROOT_CLASS = YES_ERROR;
				CLANG_WARN_QUOTED_INCLUDE_IN_FRAMEWORK_HEADER = YES;
				CLANG_WARN_RANGE_LOOP_ANALYSIS = YES;
				CLANG_WARN_STRICT_PROTOTYPES = YES;
				CLANG_WARN_SUSPICIOUS_MOVE = YES;
				CLANG_WARN_UNGUARDED_AVAILABILITY = YES_AGGRESSIVE;
				CLANG_WARN_UNREACHABLE_CODE = YES;
				CLANG_WARN__DUPLICATE_METHOD_MATCH = YES;
				COPY_PHASE_STRIP = NO;
				DEBUG_INFORMATION_FORMAT = "dwarf-with-dsym";
				DEVELOPMENT_TEAM = WRVY4Q5HA5;
				ENABLE_NS_ASSERTIONS = NO;
				ENABLE_STRICT_OBJC_MSGSEND = YES;
				ENABLE_USER_SCRIPT_SANDBOXING = YES;
				GCC_C_LANGUAGE_STANDARD = gnu17;
				GCC_NO_COMMON_BLOCKS = YES;
				GCC_WARN_64_TO_32_BIT_CONVERSION = YES;
				GCC_WARN_ABOUT_RETURN_TYPE = YES_ERROR;
				GCC_WARN_UNDECLARED_SELECTOR = YES;
				GCC_WARN_UNINITIALIZED_AUTOS = YES_AGGRESSIVE;
				GCC_WARN_UNUSED_FUNCTION = YES;
				GCC_WARN_UNUSED_VARIABLE = YES;
				GENERATE_INFOPLIST_FILE = NO;
				IPHONEOS_DEPLOYMENT_TARGET = 18.0;
				LOCALIZATION_PREFERS_STRING_CATALOGS = YES;
				MTL_ENABLE_DEBUG_INFO = NO;
				MTL_FAST_MATH = YES;
				SDKROOT = iphoneos;
				STRING_CATALOG_GENERATE_SYMBOLS = YES;
				SWIFT_COMPILATION_MODE = wholemodule;
				VALIDATE_PRODUCT = YES;
			};
			name = Release;
		};
		011D8FB22EA40A0200609E51 /* Debug */ = {
			isa = XCBuildConfiguration;
			baseConfigurationReference = 01A16F852F7335CD003503E8 /* Secrets.xcconfig */;
			buildSettings = {
				ASSETCATALOG_COMPILER_APPICON_NAME = AppIcon;
				ASSETCATALOG_COMPILER_GLOBAL_ACCENT_COLOR_NAME = AccentColor;
				ASSETCATALOG_COMPILER_INCLUDE_ALL_APPICON_ASSETS = YES;
				CODE_SIGN_ENTITLEMENTS = RPT/RPT.entitlements;
				CODE_SIGN_STYLE = Automatic;
				CURRENT_PROJECT_VERSION = 1;
				DEVELOPMENT_TEAM = WRVY4Q5HA5;
				ENABLE_PREVIEWS = YES;
				GENERATE_INFOPLIST_FILE = YES;
				INFOPLIST_FILE = RPT/Info.plist;
				INFOPLIST_KEY_CFBundleDisplayName = System;
				INFOPLIST_KEY_LSApplicationCategoryType = "public.app-category.healthcare-fitness";
				INFOPLIST_KEY_NSCameraUsageDescription = "System Trainer uses the camera to scan food barcodes so you can log meals instantly without typing.";
				INFOPLIST_KEY_NSHealthShareUsageDescription = "System Trainer reads your steps, sleep, heart rate, workouts, and body measurements from Apple Health to power daily quests, track your progression, and personalize coaching.";
				INFOPLIST_KEY_NSHealthUpdateUsageDescription = "System Trainer writes workouts, body weight, water intake, and meal nutrition back to Apple Health so all your fitness data stays in one place.";
				INFOPLIST_KEY_NSLocationAlwaysAndWhenInUseUsageDescription = "System Trainer needs continued location access to keep recording your route while the screen is locked during outdoor cardio sessions.";
				INFOPLIST_KEY_NSLocationWhenInUseUsageDescription = "System Trainer uses your location to track outdoor cardio routes (Patrol mode) so you can see distance, pace, and the path you ran or walked.";
				INFOPLIST_KEY_NSPhotoLibraryUsageDescription = "System Trainer uses your photo library so you can attach screenshots to bug reports and add photos to your meal log.";
				INFOPLIST_KEY_NSSupportsLiveActivities = YES;
				INFOPLIST_KEY_NSSupportsLiveActivitiesFrequentUpdates = YES;
				INFOPLIST_KEY_UIApplicationSceneManifest_Generation = YES;
				INFOPLIST_KEY_UIApplicationSupportsIndirectInputEvents = YES;
				INFOPLIST_KEY_UILaunchScreen_Generation = YES;
				INFOPLIST_KEY_UILaunchStoryboardName = LaunchScreen.storyboard;
				INFOPLIST_KEY_UIStatusBarStyle = "";
				INFOPLIST_KEY_UISupportedInterfaceOrientations = UIInterfaceOrientationPortrait;
				INFOPLIST_KEY_UISupportedInterfaceOrientations_iPad = "UIInterfaceOrientationLandscapeLeft UIInterfaceOrientationLandscapeRight UIInterfaceOrientationPortrait UIInterfaceOrientationPortraitUpsideDown";
				LD_RUNPATH_SEARCH_PATHS = (
					"$(inherited)",
					"@executable_path/Frameworks",
				);
				MARKETING_VERSION = 3.2.12;
				PRODUCT_BUNDLE_IDENTIFIER = SpiroTechnologies.RPT;
				PRODUCT_NAME = "$(TARGET_NAME)";
				STRING_CATALOG_GENERATE_SYMBOLS = YES;
				SUPPORTED_PLATFORMS = "iphoneos iphonesimulator";
				SUPPORTS_MACCATALYST = NO;
				SUPPORTS_MAC_DESIGNED_FOR_IPHONE_IPAD = NO;
				SUPPORTS_XR_DESIGNED_FOR_IPHONE_IPAD = NO;
				SWIFT_APPROACHABLE_CONCURRENCY = YES;
				SWIFT_DEFAULT_ACTOR_ISOLATION = MainActor;
				SWIFT_EMIT_LOC_STRINGS = YES;
				SWIFT_UPCOMING_FEATURE_MEMBER_IMPORT_VISIBILITY = YES;
				SWIFT_VERSION = 5.0;
				TARGETED_DEVICE_FAMILY = 1;
			};
			name = Debug;
		};
		011D8FB32EA40A0200609E51 /* Release */ = {
			isa = XCBuildConfiguration;
			baseConfigurationReference = 01A16F852F7335CD003503E8 /* Secrets.xcconfig */;
			buildSettings = {
				ASSETCATALOG_COMPILER_APPICON_NAME = AppIcon;
				ASSETCATALOG_COMPILER_GLOBAL_ACCENT_COLOR_NAME = AccentColor;
				ASSETCATALOG_COMPILER_INCLUDE_ALL_APPICON_ASSETS = YES;
				CODE_SIGN_ENTITLEMENTS = RPT/RPT.entitlements;
				CODE_SIGN_IDENTITY = "Apple Distribution";
				CODE_SIGN_STYLE = Manual;
				CURRENT_PROJECT_VERSION = 1;
				DEVELOPMENT_TEAM = WRVY4Q5HA5;
				ENABLE_PREVIEWS = YES;
				GENERATE_INFOPLIST_FILE = YES;
				INFOPLIST_FILE = RPT/Info.plist;
				INFOPLIST_KEY_CFBundleDisplayName = System;
				INFOPLIST_KEY_LSApplicationCategoryType = "public.app-category.healthcare-fitness";
				INFOPLIST_KEY_NSCameraUsageDescription = "System Trainer uses the camera to scan food barcodes so you can log meals instantly without typing.";
				INFOPLIST_KEY_NSHealthShareUsageDescription = "System Trainer reads your steps, sleep, heart rate, workouts, and body measurements from Apple Health to power daily quests, track your progression, and personalize coaching.";
				INFOPLIST_KEY_NSHealthUpdateUsageDescription = "System Trainer writes workouts, body weight, water intake, and meal nutrition back to Apple Health so all your fitness data stays in one place.";
				INFOPLIST_KEY_NSLocationAlwaysAndWhenInUseUsageDescription = "System Trainer needs continued location access to keep recording your route while the screen is locked during outdoor cardio sessions.";
				INFOPLIST_KEY_NSLocationWhenInUseUsageDescription = "System Trainer uses your location to track outdoor cardio routes (Patrol mode) so you can see distance, pace, and the path you ran or walked.";
				INFOPLIST_KEY_NSPhotoLibraryUsageDescription = "System Trainer uses your photo library so you can attach screenshots to bug reports and add photos to your meal log.";
				INFOPLIST_KEY_NSSupportsLiveActivities = YES;
				INFOPLIST_KEY_NSSupportsLiveActivitiesFrequentUpdates = YES;
				INFOPLIST_KEY_UIApplicationSceneManifest_Generation = YES;
				INFOPLIST_KEY_UIApplicationSupportsIndirectInputEvents = YES;
				INFOPLIST_KEY_UILaunchScreen_Generation = YES;
				INFOPLIST_KEY_UILaunchStoryboardName = LaunchScreen.storyboard;
				INFOPLIST_KEY_UIStatusBarStyle = "";
				INFOPLIST_KEY_UISupportedInterfaceOrientations = UIInterfaceOrientationPortrait;
				INFOPLIST_KEY_UISupportedInterfaceOrientations_iPad = "UIInterfaceOrientationLandscapeLeft UIInterfaceOrientationLandscapeRight UIInterfaceOrientationPortrait UIInterfaceOrientationPortraitUpsideDown";
				LD_RUNPATH_SEARCH_PATHS = (
					"$(inherited)",
					"@executable_path/Frameworks",
				);
				MARKETING_VERSION = 3.2.12;
				PRODUCT_BUNDLE_IDENTIFIER = SpiroTechnologies.RPT;
				PRODUCT_NAME = "$(TARGET_NAME)";
				PROVISIONING_PROFILE_SPECIFIER = "RPT App Store";
				STRING_CATALOG_GENERATE_SYMBOLS = YES;
				SUPPORTED_PLATFORMS = "iphoneos iphonesimulator";
				SUPPORTS_MACCATALYST = NO;
				SUPPORTS_MAC_DESIGNED_FOR_IPHONE_IPAD = NO;
				SUPPORTS_XR_DESIGNED_FOR_IPHONE_IPAD = NO;
				SWIFT_APPROACHABLE_CONCURRENCY = YES;
				SWIFT_DEFAULT_ACTOR_ISOLATION = MainActor;
				SWIFT_EMIT_LOC_STRINGS = YES;
				SWIFT_UPCOMING_FEATURE_MEMBER_IMPORT_VISIBILITY = YES;
				SWIFT_VERSION = 5.0;
				TARGETED_DEVICE_FAMILY = 1;
			};
			name = Release;
		};
		011D8FB52EA40A0200609E51 /* Debug */ = {
			isa = XCBuildConfiguration;
			baseConfigurationReference = 01A16F852F7335CD003503E8 /* Secrets.xcconfig */;
			buildSettings = {
				BUNDLE_LOADER = "$(TEST_HOST)";
				CODE_SIGN_STYLE = Automatic;
				CURRENT_PROJECT_VERSION = 1;
				DEVELOPMENT_TEAM = WRVY4Q5HA5;
				GENERATE_INFOPLIST_FILE = YES;
				IPHONEOS_DEPLOYMENT_TARGET = 18.0;
				MARKETING_VERSION = 1.0;
				PRODUCT_BUNDLE_IDENTIFIER = HomieLabz.RPTTests;
				PRODUCT_NAME = "$(TARGET_NAME)";
				STRING_CATALOG_GENERATE_SYMBOLS = NO;
				SUPPORTED_PLATFORMS = "iphoneos iphonesimulator";
				SUPPORTS_MACCATALYST = NO;
				SUPPORTS_MAC_DESIGNED_FOR_IPHONE_IPAD = NO;
				SUPPORTS_XR_DESIGNED_FOR_IPHONE_IPAD = NO;
				SWIFT_APPROACHABLE_CONCURRENCY = YES;
				SWIFT_EMIT_LOC_STRINGS = NO;
				SWIFT_UPCOMING_FEATURE_MEMBER_IMPORT_VISIBILITY = YES;
				SWIFT_VERSION = 5.0;
				TARGETED_DEVICE_FAMILY = 1;
				TEST_HOST = "$(BUILT_PRODUCTS_DIR)/RPT.app/$(BUNDLE_EXECUTABLE_FOLDER_PATH)/RPT";
			};
			name = Debug;
		};
		011D8FB62EA40A0200609E51 /* Release */ = {
			isa = XCBuildConfiguration;
			baseConfigurationReference = 01A16F852F7335CD003503E8 /* Secrets.xcconfig */;
			buildSettings = {
				BUNDLE_LOADER = "$(TEST_HOST)";
				CODE_SIGN_STYLE = Automatic;
				CURRENT_PROJECT_VERSION = 1;
				DEVELOPMENT_TEAM = WRVY4Q5HA5;
				GENERATE_INFOPLIST_FILE = YES;
				IPHONEOS_DEPLOYMENT_TARGET = 18.0;
				MARKETING_VERSION = 1.0;
				PRODUCT_BUNDLE_IDENTIFIER = HomieLabz.RPTTests;
				PRODUCT_NAME = "$(TARGET_NAME)";
				STRING_CATALOG_GENERATE_SYMBOLS = NO;
				SUPPORTED_PLATFORMS = "iphoneos iphonesimulator";
				SUPPORTS_MACCATALYST = NO;
				SUPPORTS_MAC_DESIGNED_FOR_IPHONE_IPAD = NO;
				SUPPORTS_XR_DESIGNED_FOR_IPHONE_IPAD = NO;
				SWIFT_APPROACHABLE_CONCURRENCY = YES;
				SWIFT_EMIT_LOC_STRINGS = NO;
				SWIFT_UPCOMING_FEATURE_MEMBER_IMPORT_VISIBILITY = YES;
				SWIFT_VERSION = 5.0;
				TARGETED_DEVICE_FAMILY = 1;
				TEST_HOST = "$(BUILT_PRODUCTS_DIR)/RPT.app/$(BUNDLE_EXECUTABLE_FOLDER_PATH)/RPT";
			};
			name = Release;
		};
		011D8FB82EA40A0200609E51 /* Debug */ = {
			isa = XCBuildConfiguration;
			baseConfigurationReference = 01A16F852F7335CD003503E8 /* Secrets.xcconfig */;
			buildSettings = {
				CODE_SIGN_STYLE = Automatic;
				CURRENT_PROJECT_VERSION = 1;
				DEVELOPMENT_TEAM = WRVY4Q5HA5;
				GENERATE_INFOPLIST_FILE = YES;
				MARKETING_VERSION = 1.0;
				PRODUCT_BUNDLE_IDENTIFIER = HomieLabz.RPTUITests;
				PRODUCT_NAME = "$(TARGET_NAME)";
				STRING_CATALOG_GENERATE_SYMBOLS = NO;
				SUPPORTED_PLATFORMS = "iphoneos iphonesimulator";
				SUPPORTS_MACCATALYST = NO;
				SUPPORTS_MAC_DESIGNED_FOR_IPHONE_IPAD = NO;
				SUPPORTS_XR_DESIGNED_FOR_IPHONE_IPAD = NO;
				SWIFT_APPROACHABLE_CONCURRENCY = YES;
				SWIFT_EMIT_LOC_STRINGS = NO;
				SWIFT_UPCOMING_FEATURE_MEMBER_IMPORT_VISIBILITY = YES;
				SWIFT_VERSION = 5.0;
				TARGETED_DEVICE_FAMILY = 1;
				TEST_TARGET_NAME = RPT;
			};
			name = Debug;
		};
		011D8FB92EA40A0200609E51 /* Release */ = {
			isa = XCBuildConfiguration;
			baseConfigurationReference = 01A16F852F7335CD003503E8 /* Secrets.xcconfig */;
			buildSettings = {
				CODE_SIGN_STYLE = Automatic;
				CURRENT_PROJECT_VERSION = 1;
				DEVELOPMENT_TEAM = WRVY4Q5HA5;
				GENERATE_INFOPLIST_FILE = YES;
				MARKETING_VERSION = 1.0;
				PRODUCT_BUNDLE_IDENTIFIER = HomieLabz.RPTUITests;
				PRODUCT_NAME = "$(TARGET_NAME)";
				STRING_CATALOG_GENERATE_SYMBOLS = NO;
				SUPPORTED_PLATFORMS = "iphoneos iphonesimulator";
				SUPPORTS_MACCATALYST = NO;
				SUPPORTS_MAC_DESIGNED_FOR_IPHONE_IPAD = NO;
				SUPPORTS_XR_DESIGNED_FOR_IPHONE_IPAD = NO;
				SWIFT_APPROACHABLE_CONCURRENCY = YES;
				SWIFT_EMIT_LOC_STRINGS = NO;
				SWIFT_UPCOMING_FEATURE_MEMBER_IMPORT_VISIBILITY = YES;
				SWIFT_VERSION = 5.0;
				TARGETED_DEVICE_FAMILY = 1;
				TEST_TARGET_NAME = RPT;
			};
			name = Release;
		};
		BAEBEA1F2F8976EF007CB211 /* Debug */ = {
			isa = XCBuildConfiguration;
			buildSettings = {
				ASSETCATALOG_COMPILER_APPICON_NAME = AppIcon;
				ASSETCATALOG_COMPILER_GLOBAL_ACCENT_COLOR_NAME = AccentColor;
				CODE_SIGN_ENTITLEMENTS = RPTWatch/RPTWatch.entitlements;
				CODE_SIGN_STYLE = Automatic;
				CURRENT_PROJECT_VERSION = 1;
				DEVELOPMENT_TEAM = WRVY4Q5HA5;
				ENABLE_PREVIEWS = YES;
				GENERATE_INFOPLIST_FILE = YES;
				INFOPLIST_FILE = RPTWatch/Info.plist;
				INFOPLIST_KEY_CFBundleDisplayName = RPTWatch;
				INFOPLIST_KEY_UISupportedInterfaceOrientations = "UIInterfaceOrientationPortrait UIInterfaceOrientationPortraitUpsideDown";
				INFOPLIST_KEY_WKCompanionAppBundleIdentifier = SpiroTechnologies.RPT;
				LD_RUNPATH_SEARCH_PATHS = (
					"$(inherited)",
					"@executable_path/Frameworks",
				);
				MARKETING_VERSION = 3.2.12;
				PRODUCT_BUNDLE_IDENTIFIER = SpiroTechnologies.RPT.watchkitapp;
				PRODUCT_NAME = "$(TARGET_NAME)";
				PROVISIONING_PROFILE_SPECIFIER = "";
				SDKROOT = watchos;
				SKIP_INSTALL = YES;
				STRING_CATALOG_GENERATE_SYMBOLS = YES;
				SWIFT_APPROACHABLE_CONCURRENCY = YES;
				SWIFT_DEFAULT_ACTOR_ISOLATION = MainActor;
				SWIFT_EMIT_LOC_STRINGS = YES;
				SWIFT_UPCOMING_FEATURE_MEMBER_IMPORT_VISIBILITY = YES;
				SWIFT_VERSION = 5.0;
				TARGETED_DEVICE_FAMILY = 4;
				WATCHOS_DEPLOYMENT_TARGET = 11.0;
			};
			name = Debug;
		};
		BAEBEA202F8976EF007CB211 /* Release */ = {
			isa = XCBuildConfiguration;
			buildSettings = {
				ASSETCATALOG_COMPILER_APPICON_NAME = AppIcon;
				ASSETCATALOG_COMPILER_GLOBAL_ACCENT_COLOR_NAME = AccentColor;
				CODE_SIGN_ENTITLEMENTS = RPTWatch/RPTWatch.entitlements;
				CODE_SIGN_IDENTITY = "Apple Distribution";
				CODE_SIGN_STYLE = Manual;
				CURRENT_PROJECT_VERSION = 1;
				DEVELOPMENT_TEAM = WRVY4Q5HA5;
				ENABLE_PREVIEWS = YES;
				GENERATE_INFOPLIST_FILE = YES;
				INFOPLIST_FILE = RPTWatch/Info.plist;
				INFOPLIST_KEY_CFBundleDisplayName = RPTWatch;
				INFOPLIST_KEY_UISupportedInterfaceOrientations = "UIInterfaceOrientationPortrait UIInterfaceOrientationPortraitUpsideDown";
				INFOPLIST_KEY_WKCompanionAppBundleIdentifier = SpiroTechnologies.RPT;
				LD_RUNPATH_SEARCH_PATHS = (
					"$(inherited)",
					"@executable_path/Frameworks",
				);
				MARKETING_VERSION = 3.2.12;
				PRODUCT_BUNDLE_IDENTIFIER = SpiroTechnologies.RPT.watchkitapp;
				PRODUCT_NAME = "$(TARGET_NAME)";
				PROVISIONING_PROFILE_SPECIFIER = "RPTWatch Distribution";
				SDKROOT = watchos;
				SKIP_INSTALL = YES;
				STRING_CATALOG_GENERATE_SYMBOLS = YES;
				SWIFT_APPROACHABLE_CONCURRENCY = YES;
				SWIFT_DEFAULT_ACTOR_ISOLATION = MainActor;
				SWIFT_EMIT_LOC_STRINGS = YES;
				SWIFT_UPCOMING_FEATURE_MEMBER_IMPORT_VISIBILITY = YES;
				SWIFT_VERSION = 5.0;
				TARGETED_DEVICE_FAMILY = 4;
				WATCHOS_DEPLOYMENT_TARGET = 11.0;
			};
			name = Release;
		};
/* End XCBuildConfiguration section */

/* Begin XCConfigurationList section */
		011D8F892EA40A0100609E51 /* Build configuration list for PBXProject "RPT" */ = {
			isa = XCConfigurationList;
			buildConfigurations = (
				011D8FAF2EA40A0200609E51 /* Debug */,
				011D8FB02EA40A0200609E51 /* Release */,
			);
			defaultConfigurationIsVisible = 0;
			defaultConfigurationName = Release;
		};
		011D8FB12EA40A0200609E51 /* Build configuration list for PBXNativeTarget "RPT" */ = {
			isa = XCConfigurationList;
			buildConfigurations = (
				011D8FB22EA40A0200609E51 /* Debug */,
				011D8FB32EA40A0200609E51 /* Release */,
			);
			defaultConfigurationIsVisible = 0;
			defaultConfigurationName = Release;
		};
		011D8FB42EA40A0200609E51 /* Build configuration list for PBXNativeTarget "RPTTests" */ = {
			isa = XCConfigurationList;
			buildConfigurations = (
				011D8FB52EA40A0200609E51 /* Debug */,
				011D8FB62EA40A0200609E51 /* Release */,
			);
			defaultConfigurationIsVisible = 0;
			defaultConfigurationName = Release;
		};
		011D8FB72EA40A0200609E51 /* Build configuration list for PBXNativeTarget "RPTUITests" */ = {
			isa = XCConfigurationList;
			buildConfigurations = (
				011D8FB82EA40A0200609E51 /* Debug */,
				011D8FB92EA40A0200609E51 /* Release */,
			);
			defaultConfigurationIsVisible = 0;
			defaultConfigurationName = Release;
		};
		BAEBEA212F8976EF007CB211 /* Build configuration list for PBXNativeTarget "RPTWatch" */ = {
			isa = XCConfigurationList;
			buildConfigurations = (
				BAEBEA1F2F8976EF007CB211 /* Debug */,
				BAEBEA202F8976EF007CB211 /* Release */,
			);
			defaultConfigurationIsVisible = 0;
			defaultConfigurationName = Release;
		};
/* End XCConfigurationList section */
	};
	rootObject = 011D8F862EA40A0100609E51 /* Project object */;
}
